{
    "version": 3,
    "terraform_version": "0.11.7",
    "serial": 2,
    "lineage": "aa12f138-ade7-3fd2-eedf-61784268b9d9",
    "modules": [
        {
            "path": [
                "root"
            ],
            "outputs": {},
            "resources": {
                "aws_s3_bucket.bucket": {
                    "type": "aws_s3_bucket",
                    "depends_on": [
                        "local.common_tags"
                    ],
                    "primary": {
                        "id": "estepa.aldunate.pro",
                        "attributes": {
                            "acl": "public-read",
                            "bucket": "estepa.aldunate.pro",
                            "cors_rule.#": "1",
                            "cors_rule.0.allowed_headers.#": "1",
                            "cors_rule.0.allowed_headers.0": "*",
                            "cors_rule.0.allowed_methods.#": "2",
                            "cors_rule.0.allowed_methods.0": "PUT",
                            "cors_rule.0.allowed_methods.1": "POST",
                            "cors_rule.0.allowed_origins.#": "1",
                            "cors_rule.0.allowed_origins.0": "https://s3-website-test.hashicorp.com",
                            "cors_rule.0.expose_headers.#": "1",
                            "cors_rule.0.expose_headers.0": "ETag",
                            "cors_rule.0.max_age_seconds": "3000",
                            "force_destroy": "false",
                            "id": "estepa.aldunate.pro",
                            "policy": "{\r\n    \"Version\": \"2012-10-17\",\r\n    \"Statement\": [\r\n        {\r\n            \"Sid\": \"PublicReadGetObject\",\r\n            \"Effect\": \"Allow\",\r\n            \"Principal\": \"*\",\r\n            \"Action\": \"s3:GetObject\",\r\n            \"Resource\": \"arn:aws:s3:::max.aldunate.pro/*\"\r\n        }\r\n    ]\r\n}",
                            "tags.%": "2",
                            "tags.Project": "estepa",
                            "tags.Project-Module": "estepa",
                            "website.#": "1",
                            "website.0.error_document": "error.html",
                            "website.0.index_document": "index.html",
                            "website.0.redirect_all_requests_to": "",
                            "website.0.routing_rules": "[{\n      \"Condition\": {\n          \"KeyPrefixEquals\": \"docs/\"\n      },\n      \"Redirect\": {\n          \"ReplaceKeyPrefixWith\": \"documents/\"\n      }\n}]\n  "
                        },
                        "meta": {},
                        "tainted": false
                    },
                    "deposed": [],
                    "provider": "provider.aws"
                },
                "data.aws_caller_identity.current": {
                    "type": "aws_caller_identity",
                    "depends_on": [],
                    "primary": {
                        "id": "2019-06-24 18:33:48.5101566 +0000 UTC",
                        "attributes": {
                            "account_id": "259129723241",
                            "arn": "arn:aws:iam::259129723241:user/esparta.cli",
                            "id": "2019-06-24 18:33:48.5101566 +0000 UTC",
                            "user_id": "AIDATYVKVZFUWDCZTXANC"
                        },
                        "meta": {},
                        "tainted": false
                    },
                    "deposed": [],
                    "provider": "provider.aws"
                }
            },
            "depends_on": []
        }
    ]
}
